{
  "name": "sajmoni",
  "lockfileVersion": 2,
  "requires": true,
  "packages": {
    "": {
      "name": "sajmoni",
      "devDependencies": {
        "prettier": "3.2.5",
        "prettier-config-one": "0.2.1"
      }
    },
    "node_modules/prettier": {
      "version": "3.2.5",
      "resolved": "https://registry.npmjs.org/prettier/-/prettier-3.2.5.tgz",
      "integrity": "sha512-3/GWa9aOC0YeD7LUfvOG2NiDyhOWRvt1k+rcKhOuYnMY24iiCphgneUfJDyFXd6rZCAnuLBv6UeAULtrhT/F4A==",
      "dev": true,
      "bin": {
        "prettier": "bin/prettier.cjs"
      },
      "engines": {
        "node": ">=14"
      },
      "funding": {
        "url": "https://github.com/prettier/prettier?sponsor=1"
      }
    },
    "node_modules/prettier-config-one": {
      "version": "0.2.1",
      "resolved": "https://registry.npmjs.org/prettier-config-one/-/prettier-config-one-0.2.1.tgz",
      "integrity": "sha512-I1NbjUaSGsY7At2Vq0aQeknCCc0mJHzk9b/e7xOZxIm8hgFKHvVL6Jqedj2k5TSIiR4d2ipSTPBBLM8TB7jrxQ==",
      "dev": true,
      "engines": {
        "node": ">=20"
      },
      "peerDependencies": {
        "prettier": "3.x"
      }
    }
  },
  "dependencies": {
    "prettier": {
      "version": "3.2.5",
      "resolved": "https://registry.npmjs.org/prettier/-/prettier-3.2.5.tgz",
      "integrity": "sha512-3/GWa9aOC0YeD7LUfvOG2NiDyhOWRvt1k+rcKhOuYnMY24iiCphgneUfJDyFXd6rZCAnuLBv6UeAULtrhT/F4A==",
      "dev": true
    },
    "prettier-config-one": {
      "version": "0.2.1",
      "resolved": "https://registry.npmjs.org/prettier-config-one/-/prettier-config-one-0.2.1.tgz",
      "integrity": "sha512-I1NbjUaSGsY7At2Vq0aQeknCCc0mJHzk9b/e7xOZxIm8hgFKHvVL6Jqedj2k5TSIiR4d2ipSTPBBLM8TB7jrxQ==",
      "dev": true,
      "requires": {}
    }
  }
}
